
Microsoft Visual Studio Solution File, Format Version 12.00
Project("{FAE04EC0-301F-11D3-BF4B-00C04F79EFBC}") = "DetectDuplicates", "DetectDuplicates\DetectDuplicates.csproj", "{7A1946BC-5DDF-4D50-8DF6-39085BF430BB}"
EndProject
Project("{F2A71F9B-5D33-465A-A702-920D77279786}") = "DetectDuplicatesFSharp", "DetectDuplicatesFSharp\DetectDuplicatesFSharp.fsproj", "{36E202C4-97B4-4170-A151-C0586D418051}"
EndProject
Global
	GlobalSection(SolutionConfigurationPlatforms) = preSolution
		Debug|Any CPU = Debug|Any CPU
		Release|Any CPU = Release|Any CPU
	EndGlobalSection
	GlobalSection(ProjectConfigurationPlatforms) = postSolution
		{7A1946BC-5DDF-4D50-8DF6-39085BF430BB}.Debug|Any CPU.ActiveCfg = Debug|Any CPU
		{7A1946BC-5DDF-4D50-8DF6-39085BF430BB}.Debug|Any CPU.Build.0 = Debug|Any CPU
		{7A1946BC-5DDF-4D50-8DF6-39085BF430BB}.Release|Any CPU.ActiveCfg = Release|Any CPU
		{7A1946BC-5DDF-4D50-8DF6-39085BF430BB}.Release|Any CPU.Build.0 = Release|Any CPU
		{36E202C4-97B4-4170-A151-C0586D418051}.Debug|Any CPU.ActiveCfg = Debug|Any CPU
		{36E202C4-97B4-4170-A151-C0586D418051}.Debug|Any CPU.Build.0 = Debug|Any CPU
		{36E202C4-97B4-4170-A151-C0586D418051}.Release|Any CPU.ActiveCfg = Release|Any CPU
		{36E202C4-97B4-4170-A151-C0586D418051}.Release|Any CPU.Build.0 = Release|Any CPU
	EndGlobalSection
EndGlobal
